
Microsoft Visual Studio Solution File, Format Version 12.00
# Visual Studio Version 16
VisualStudioVersion = 25.0.1704.5
MinimumVisualStudioVersion = 10.0.40219.1
Project("{FAE04EC0-301F-11D3-BF4B-00C04F79EFBC}") = "FunctionalityTests", "FunctionalityTests\FunctionalityTests.csproj", "{E421D234-4696-4DAB-9789-13506B18931F}"
EndProject
Project("{FAE04EC0-301F-11D3-BF4B-00C04F79EFBC}") = "ClassLibrary", "ClassLibrary\ClassLibrary.csproj", "{DCA36597-EBA3-4982-85C5-FF48D784EC1F}"
EndProject
Project("{FAE04EC0-301F-11D3-BF4B-00C04F79EFBC}") = "ConsoleApplication", "ConsoleApplication\ConsoleApplication.csproj", "{A67D4527-602B-4A59-961A-8A1BAED65941}"
EndProject
Project("{FAE04EC0-301F-11D3-BF4B-00C04F79EFBC}") = "WebServer", "WebServer\WebServer.csproj", "{3D9B55F3-DFAA-4104-BD15-C8D54A6A0FF2}"
EndProject
Project("{FAE04EC0-301F-11D3-BF4B-00C04F79EFBC}") = "PerformanceTests", "PerformanceTests\PerformanceTests.csproj", "{D541FC49-2377-4361-81B2-AE144F811E64}"
EndProject
Global
	GlobalSection(SolutionConfigurationPlatforms) = preSolution
		Debug|Any CPU = Debug|Any CPU
		Release|Any CPU = Release|Any CPU
	EndGlobalSection
	GlobalSection(ProjectConfigurationPlatforms) = postSolution
		{E421D234-4696-4DAB-9789-13506B18931F}.Debug|Any CPU.ActiveCfg = Debug|Any CPU
		{E421D234-4696-4DAB-9789-13506B18931F}.Debug|Any CPU.Build.0 = Debug|Any CPU
		{E421D234-4696-4DAB-9789-13506B18931F}.Release|Any CPU.ActiveCfg = Release|Any CPU
		{E421D234-4696-4DAB-9789-13506B18931F}.Release|Any CPU.Build.0 = Release|Any CPU
		{DCA36597-EBA3-4982-85C5-FF48D784EC1F}.Debug|Any CPU.ActiveCfg = Debug|Any CPU
		{DCA36597-EBA3-4982-85C5-FF48D784EC1F}.Debug|Any CPU.Build.0 = Debug|Any CPU
		{DCA36597-EBA3-4982-85C5-FF48D784EC1F}.Release|Any CPU.ActiveCfg = Release|Any CPU
		{DCA36597-EBA3-4982-85C5-FF48D784EC1F}.Release|Any CPU.Build.0 = Release|Any CPU
		{A67D4527-602B-4A59-961A-8A1BAED65941}.Debug|Any CPU.ActiveCfg = Debug|Any CPU
		{A67D4527-602B-4A59-961A-8A1BAED65941}.Debug|Any CPU.Build.0 = Debug|Any CPU
		{A67D4527-602B-4A59-961A-8A1BAED65941}.Release|Any CPU.ActiveCfg = Release|Any CPU
		{A67D4527-602B-4A59-961A-8A1BAED65941}.Release|Any CPU.Build.0 = Release|Any CPU
		{3D9B55F3-DFAA-4104-BD15-C8D54A6A0FF2}.Debug|Any CPU.ActiveCfg = Debug|Any CPU
		{3D9B55F3-DFAA-4104-BD15-C8D54A6A0FF2}.Debug|Any CPU.Build.0 = Debug|Any CPU
		{3D9B55F3-DFAA-4104-BD15-C8D54A6A0FF2}.Release|Any CPU.ActiveCfg = Release|Any CPU
		{3D9B55F3-DFAA-4104-BD15-C8D54A6A0FF2}.Release|Any CPU.Build.0 = Release|Any CPU
		{D541FC49-2377-4361-81B2-AE144F811E64}.Debug|Any CPU.ActiveCfg = Debug|Any CPU
		{D541FC49-2377-4361-81B2-AE144F811E64}.Debug|Any CPU.Build.0 = Debug|Any CPU
		{D541FC49-2377-4361-81B2-AE144F811E64}.Release|Any CPU.ActiveCfg = Release|Any CPU
		{D541FC49-2377-4361-81B2-AE144F811E64}.Release|Any CPU.Build.0 = Release|Any CPU
	EndGlobalSection
	GlobalSection(SolutionProperties) = preSolution
		HideSolutionNode = FALSE
	EndGlobalSection
	GlobalSection(ExtensibilityGlobals) = postSolution
		SolutionGuid = {0333709A-5F97-45D7-83D1-22BB6BE31FC2}
	EndGlobalSection
EndGlobal
